// !$*UTF8*$!
{
	archiveVersion = 1;
	classes = {
	};
	objectVersion = 55;
	objects = {

/* Begin PBXBuildFile section */
		35106D76287D9F240093E43E /* AppDelegate.swift in Sources */ = {isa = PBXBuildFile; fileRef = 35106D75287D9F240093E43E /* AppDelegate.swift */; };
		35106D78287D9F240093E43E /* SceneDelegate.swift in Sources */ = {isa = PBXBuildFile; fileRef = 35106D77287D9F240093E43E /* SceneDelegate.swift */; };
		35106D7A287D9F240093E43E /* ViewController.swift in Sources */ = {isa = PBXBuildFile; fileRef = 35106D79287D9F240093E43E /* ViewController.swift */; };
		35106D7D287D9F240093E43E /* Main.storyboard in Resources */ = {isa = PBXBuildFile; fileRef = 35106D7B287D9F240093E43E /* Main.storyboard */; };
		35106D7F287D9F250093E43E /* Assets.xcassets in Resources */ = {isa = PBXBuildFile; fileRef = 35106D7E287D9F250093E43E /* Assets.xcassets */; };
		35106D82287D9F250093E43E /* LaunchScreen.storyboard in Resources */ = {isa = PBXBuildFile; fileRef = 35106D80287D9F250093E43E /* LaunchScreen.storyboard */; };
		35106D8B287D9F700093E43E /* NoticeViewController.swift in Sources */ = {isa = PBXBuildFile; fileRef = 35106D89287D9F700093E43E /* NoticeViewController.swift */; };
		35106D8E287DA2F40093E43E /* GoogleService-Info.plist in Resources */ = {isa = PBXBuildFile; fileRef = 35106D8D287DA2F40093E43E /* GoogleService-Info.plist */; };
		35106D91287DA3870093E43E /* FirebaseAnalytics in Frameworks */ = {isa = PBXBuildFile; productRef = 35106D90287DA3870093E43E /* FirebaseAnalytics */; };
		35106D93287DA3870093E43E /* FirebaseRemoteConfig in Frameworks */ = {isa = PBXBuildFile; productRef = 35106D92287DA3870093E43E /* FirebaseRemoteConfig */; };
		35106D95287DA4900093E43E /* RemoteConfigDefaults.plist in Resources */ = {isa = PBXBuildFile; fileRef = 35106D94287DA4900093E43E /* RemoteConfigDefaults.plist */; };
		35106D96287DABD70093E43E /* NoticeViewController.xib in Resources */ = {isa = PBXBuildFile; fileRef = 35106D98287DABD70093E43E /* NoticeViewController.xib */; };
/* End PBXBuildFile section */

/* Begin PBXFileReference section */
		35106D72287D9F240093E43E /* Notice.app */ = {isa = PBXFileReference; explicitFileType = wrapper.application; includeInIndex = 0; path = Notice.app; sourceTree = BUILT_PRODUCTS_DIR; };
		35106D75287D9F240093E43E /* AppDelegate.swift */ = {isa = PBXFileReference; lastKnownFileType = sourcecode.swift; path = AppDelegate.swift; sourceTree = "<group>"; };
		35106D77287D9F240093E43E /* SceneDelegate.swift */ = {isa = PBXFileReference; lastKnownFileType = sourcecode.swift; path = SceneDelegate.swift; sourceTree = "<group>"; };
		35106D79287D9F240093E43E /* ViewController.swift */ = {isa = PBXFileReference; lastKnownFileType = sourcecode.swift; path = ViewController.swift; sourceTree = "<group>"; };
		35106D7C287D9F240093E43E /* Base */ = {isa = PBXFileReference; lastKnownFileType = file.storyboard; name = Base; path = Base.lproj/Main.storyboard; sourceTree = "<group>"; };
		35106D7E287D9F250093E43E /* Assets.xcassets */ = {isa = PBXFileReference; lastKnownFileType = folder.assetcatalog; path = Assets.xcassets; sourceTree = "<group>"; };
		35106D81287D9F250093E43E /* Base */ = {isa = PBXFileReference; lastKnownFileType = file.storyboard; name = Base; path = Base.lproj/LaunchScreen.storyboard; sourceTree = "<group>"; };
		35106D83287D9F250093E43E /* Info.plist */ = {isa = PBXFileReference; lastKnownFileType = text.plist.xml; path = Info.plist; sourceTree = "<group>"; };
		35106D89287D9F700093E43E /* NoticeViewController.swift */ = {isa = PBXFileReference; lastKnownFileType = sourcecode.swift; path = NoticeViewController.swift; sourceTree = "<group>"; };
		35106D8D287DA2F40093E43E /* GoogleService-Info.plist */ = {isa = PBXFileReference; fileEncoding = 4; lastKnownFileType = text.plist.xml; path = "GoogleService-Info.plist"; sourceTree = "<group>"; };
		35106D94287DA4900093E43E /* RemoteConfigDefaults.plist */ = {isa = PBXFileReference; lastKnownFileType = text.plist.xml; path = RemoteConfigDefaults.plist; sourceTree = "<group>"; };
		35106D97287DABD70093E43E /* Base */ = {isa = PBXFileReference; lastKnownFileType = file.xib; name = Base; path = Base.lproj/NoticeViewController.xib; sourceTree = "<group>"; };
		35106D9A287DABD90093E43E /* en */ = {isa = PBXFileReference; lastKnownFileType = text.plist.strings; name = en; path = en.lproj/NoticeViewController.strings; sourceTree = "<group>"; };
/* End PBXFileReference section */

/* Begin PBXFrameworksBuildPhase section */
		35106D6F287D9F240093E43E /* Frameworks */ = {
			isa = PBXFrameworksBuildPhase;
			buildActionMask = 2147483647;
			files = (
				35106D91287DA3870093E43E /* FirebaseAnalytics in Frameworks */,
				35106D93287DA3870093E43E /* FirebaseRemoteConfig in Frameworks */,
			);
			runOnlyForDeploymentPostprocessing = 0;
		};
/* End PBXFrameworksBuildPhase section */

/* Begin PBXGroup section */
		35106D69287D9F240093E43E = {
			isa = PBXGroup;
			children = (
				35106D74287D9F240093E43E /* Notice */,
				35106D73287D9F240093E43E /* Products */,
			);
			sourceTree = "<group>";
		};
		35106D73287D9F240093E43E /* Products */ = {
			isa = PBXGroup;
			children = (
				35106D72287D9F240093E43E /* Notice.app */,
			);
			name = Products;
			sourceTree = "<group>";
		};
		35106D74287D9F240093E43E /* Notice */ = {
			isa = PBXGroup;
			children = (
				35106D89287D9F700093E43E /* NoticeViewController.swift */,
				35106D98287DABD70093E43E /* NoticeViewController.xib */,
				35106D75287D9F240093E43E /* AppDelegate.swift */,
				35106D77287D9F240093E43E /* SceneDelegate.swift */,
				35106D79287D9F240093E43E /* ViewController.swift */,
				35106D94287DA4900093E43E /* RemoteConfigDefaults.plist */,
				35106D7B287D9F240093E43E /* Main.storyboard */,
				35106D7E287D9F250093E43E /* Assets.xcassets */,
				35106D80287D9F250093E43E /* LaunchScreen.storyboard */,
				35106D83287D9F250093E43E /* Info.plist */,
				35106D8D287DA2F40093E43E /* GoogleService-Info.plist */,
			);
			path = Notice;
			sourceTree = "<group>";
		};
/* End PBXGroup section */

/* Begin PBXNativeTarget section */
		35106D71287D9F240093E43E /* Notice */ = {
			isa = PBXNativeTarget;
			buildConfigurationList = 35106D86287D9F250093E43E /* Build configuration list for PBXNativeTarget "Notice" */;
			buildPhases = (
				35106D6E287D9F240093E43E /* Sources */,
				35106D6F287D9F240093E43E /* Frameworks */,
				35106D70287D9F240093E43E /* Resources */,
			);
			buildRules = (
			);
			dependencies = (
			);
			name = Notice;
			packageProductDependencies = (
				35106D90287DA3870093E43E /* FirebaseAnalytics */,
				35106D92287DA3870093E43E /* FirebaseRemoteConfig */,
			);
			productName = Notice;
			productReference = 35106D72287D9F240093E43E /* Notice.app */;
			productType = "com.apple.product-type.application";
		};
/* End PBXNativeTarget section */

/* Begin PBXProject section */
		35106D6A287D9F240093E43E /* Project object */ = {
			isa = PBXProject;
			attributes = {
				BuildIndependentTargetsInParallel = 1;
				LastSwiftUpdateCheck = 1340;
				LastUpgradeCheck = 1340;
				TargetAttributes = {
					35106D71287D9F240093E43E = {
						CreatedOnToolsVersion = 13.4.1;
					};
				};
			};
			buildConfigurationList = 35106D6D287D9F240093E43E /* Build configuration list for PBXProject "Notice" */;
			compatibilityVersion = "Xcode 13.0";
			developmentRegion = en;
			hasScannedForEncodings = 0;
			knownRegions = (
				en,
				Base,
			);
			mainGroup = 35106D69287D9F240093E43E;
			packageReferences = (
				35106D8F287DA3870093E43E /* XCRemoteSwiftPackageReference "firebase-ios-sdk" */,
			);
			productRefGroup = 35106D73287D9F240093E43E /* Products */;
			projectDirPath = "";
			projectRoot = "";
			targets = (
				35106D71287D9F240093E43E /* Notice */,
			);
		};
/* End PBXProject section */

/* Begin PBXResourcesBuildPhase section */
		35106D70287D9F240093E43E /* Resources */ = {
			isa = PBXResourcesBuildPhase;
			buildActionMask = 2147483647;
			files = (
				35106D95287DA4900093E43E /* RemoteConfigDefaults.plist in Resources */,
				35106D82287D9F250093E43E /* LaunchScreen.storyboard in Resources */,
				35106D7F287D9F250093E43E /* Assets.xcassets in Resources */,
				35106D8E287DA2F40093E43E /* GoogleService-Info.plist in Resources */,
				35106D96287DABD70093E43E /* NoticeViewController.xib in Resources */,
				35106D7D287D9F240093E43E /* Main.storyboard in Resources */,
			);
			runOnlyForDeploymentPostprocessing = 0;
		};
/* End PBXResourcesBuildPhase section */

/* Begin PBXSourcesBuildPhase section */
		35106D6E287D9F240093E43E /* Sources */ = {
			isa = PBXSourcesBuildPhase;
			buildActionMask = 2147483647;
			files = (
				35106D7A287D9F240093E43E /* ViewController.swift in Sources */,
				35106D76287D9F240093E43E /* AppDelegate.swift in Sources */,
				35106D8B287D9F700093E43E /* NoticeViewController.swift in Sources */,
				35106D78287D9F240093E43E /* SceneDelegate.swift in Sources */,
			);
			runOnlyForDeploymentPostprocessing = 0;
		};
/* End PBXSourcesBuildPhase section */

/* Begin PBXVariantGroup section */
		35106D7B287D9F240093E43E /* Main.storyboard */ = {
			isa = PBXVariantGroup;
			children = (
				35106D7C287D9F240093E43E /* Base */,
			);
			name = Main.storyboard;
			sourceTree = "<group>";
		};
		35106D80287D9F250093E43E /* LaunchScreen.storyboard */ = {
			isa = PBXVariantGroup;
			children = (
				35106D81287D9F250093E43E /* Base */,
			);
			name = LaunchScreen.storyboard;
			sourceTree = "<group>";
		};
		35106D98287DABD70093E43E /* NoticeViewController.xib */ = {
			isa = PBXVariantGroup;
			children = (
				35106D97287DABD70093E43E /* Base */,
				35106D9A287DABD90093E43E /* en */,
			);
			name = NoticeViewController.xib;
			sourceTree = "<group>";
		};
/* End PBXVariantGroup section */

/* Begin XCBuildConfiguration section */
		35106D84287D9F250093E43E /* Debug */ = {
			isa = XCBuildConfiguration;
			buildSettings = {
				ALWAYS_SEARCH_USER_PATHS = NO;
				CLANG_ANALYZER_NONNULL = YES;
				CLANG_ANALYZER_NUMBER_OBJECT_CONVERSION = YES_AGGRESSIVE;
				CLANG_CXX_LANGUAGE_STANDARD = "gnu++17";
				CLANG_ENABLE_MODULES = YES;
				CLANG_ENABLE_OBJC_ARC = YES;
				CLANG_ENABLE_OBJC_WEAK = YES;
				CLANG_WARN_BLOCK_CAPTURE_AUTORELEASING = YES;
				CLANG_WARN_BOOL_CONVERSION = YES;
				CLANG_WARN_COMMA = YES;
				CLANG_WARN_CONSTANT_CONVERSION = YES;
				CLANG_WARN_DEPRECATED_OBJC_IMPLEMENTATIONS = YES;
				CLANG_WARN_DIRECT_OBJC_ISA_USAGE = YES_ERROR;
				CLANG_WARN_DOCUMENTATION_COMMENTS = YES;
				CLANG_WARN_EMPTY_BODY = YES;
				CLANG_WARN_ENUM_CONVERSION = YES;
				CLANG_WARN_INFINITE_RECURSION = YES;
				CLANG_WARN_INT_CONVERSION = YES;
				CLANG_WARN_NON_LITERAL_NULL_CONVERSION = YES;
				CLANG_WARN_OBJC_IMPLICIT_RETAIN_SELF = YES;
				CLANG_WARN_OBJC_LITERAL_CONVERSION = YES;
				CLANG_WARN_OBJC_ROOT_CLASS = YES_ERROR;
				CLANG_WARN_QUOTED_INCLUDE_IN_FRAMEWORK_HEADER = YES;
				CLANG_WARN_RANGE_LOOP_ANALYSIS = YES;
				CLANG_WARN_STRICT_PROTOTYPES = YES;
				CLANG_WARN_SUSPICIOUS_MOVE = YES;
				CLANG_WARN_UNGUARDED_AVAILABILITY = YES_AGGRESSIVE;
				CLANG_WARN_UNREACHABLE_CODE = YES;
				CLANG_WARN__DUPLICATE_METHOD_MATCH = YES;
				COPY_PHASE_STRIP = NO;
				DEBUG_INFORMATION_FORMAT = dwarf;
				ENABLE_STRICT_OBJC_MSGSEND = YES;
				ENABLE_TESTABILITY = YES;
				GCC_C_LANGUAGE_STANDARD = gnu11;
				GCC_DYNAMIC_NO_PIC = NO;
				GCC_NO_COMMON_BLOCKS = YES;
				GCC_OPTIMIZATION_LEVEL = 0;
				GCC_PREPROCESSOR_DEFINITIONS = (
					"DEBUG=1",
					"$(inherited)",
				);
				GCC_WARN_64_TO_32_BIT_CONVERSION = YES;
				GCC_WARN_ABOUT_RETURN_TYPE = YES_ERROR;
				GCC_WARN_UNDECLARED_SELECTOR = YES;
				GCC_WARN_UNINITIALIZED_AUTOS = YES_AGGRESSIVE;
				GCC_WARN_UNUSED_FUNCTION = YES;
				GCC_WARN_UNUSED_VARIABLE = YES;
				IPHONEOS_DEPLOYMENT_TARGET = 15.5;
				MTL_ENABLE_DEBUG_INFO = INCLUDE_SOURCE;
				MTL_FAST_MATH = YES;
				ONLY_ACTIVE_ARCH = YES;
				SDKROOT = iphoneos;
				SWIFT_ACTIVE_COMPILATION_CONDITIONS = DEBUG;
				SWIFT_OPTIMIZATION_LEVEL = "-Onone";
			};
			name = Debug;
		};
		35106D85287D9F250093E43E /* Release */ = {
			isa = XCBuildConfiguration;
			buildSettings = {
				ALWAYS_SEARCH_USER_PATHS = NO;
				CLANG_ANALYZER_NONNULL = YES;
				CLANG_ANALYZER_NUMBER_OBJECT_CONVERSION = YES_AGGRESSIVE;
				CLANG_CXX_LANGUAGE_STANDARD = "gnu++17";
				CLANG_ENABLE_MODULES = YES;
				CLANG_ENABLE_OBJC_ARC = YES;
				CLANG_ENABLE_OBJC_WEAK = YES;
				CLANG_WARN_BLOCK_CAPTURE_AUTORELEASING = YES;
				CLANG_WARN_BOOL_CONVERSION = YES;
				CLANG_WARN_COMMA = YES;
				CLANG_WARN_CONSTANT_CONVERSION = YES;
				CLANG_WARN_DEPRECATED_OBJC_IMPLEMENTATIONS = YES;
				CLANG_WARN_DIRECT_OBJC_ISA_USAGE = YES_ERROR;
				CLANG_WARN_DOCUMENTATION_COMMENTS = YES;
				CLANG_WARN_EMPTY_BODY = YES;
				CLANG_WARN_ENUM_CONVERSION = YES;
				CLANG_WARN_INFINITE_RECURSION = YES;
				CLANG_WARN_INT_CONVERSION = YES;
				CLANG_WARN_NON_LITERAL_NULL_CONVERSION = YES;
				CLANG_WARN_OBJC_IMPLICIT_RETAIN_SELF = YES;
				CLANG_WARN_OBJC_LITERAL_CONVERSION = YES;
				CLANG_WARN_OBJC_ROOT_CLASS = YES_ERROR;
				CLANG_WARN_QUOTED_INCLUDE_IN_FRAMEWORK_HEADER = YES;
				CLANG_WARN_RANGE_LOOP_ANALYSIS = YES;
				CLANG_WARN_STRICT_PROTOTYPES = YES;
				CLANG_WARN_SUSPICIOUS_MOVE = YES;
				CLANG_WARN_UNGUARDED_AVAILABILITY = YES_AGGRESSIVE;
				CLANG_WARN_UNREACHABLE_CODE = YES;
				CLANG_WARN__DUPLICATE_METHOD_MATCH = YES;
				COPY_PHASE_STRIP = NO;
				DEBUG_INFORMATION_FORMAT = "dwarf-with-dsym";
				ENABLE_NS_ASSERTIONS = NO;
				ENABLE_STRICT_OBJC_MSGSEND = YES;
				GCC_C_LANGUAGE_STANDARD = gnu11;
				GCC_NO_COMMON_BLOCKS = YES;
				GCC_WARN_64_TO_32_BIT_CONVERSION = YES;
				GCC_WARN_ABOUT_RETURN_TYPE = YES_ERROR;
				GCC_WARN_UNDECLARED_SELECTOR = YES;
				GCC_WARN_UNINITIALIZED_AUTOS = YES_AGGRESSIVE;
				GCC_WARN_UNUSED_FUNCTION = YES;
				GCC_WARN_UNUSED_VARIABLE = YES;
				IPHONEOS_DEPLOYMENT_TARGET = 15.5;
				MTL_ENABLE_DEBUG_INFO = NO;
				MTL_FAST_MATH = YES;
				SDKROOT = iphoneos;
				SWIFT_COMPILATION_MODE = wholemodule;
				SWIFT_OPTIMIZATION_LEVEL = "-O";
				VALIDATE_PRODUCT = YES;
			};
			name = Release;
		};
		35106D87287D9F250093E43E /* Debug */ = {
			isa = XCBuildConfiguration;
			buildSettings = {
				ASSETCATALOG_COMPILER_APPICON_NAME = AppIcon;
				ASSETCATALOG_COMPILER_GLOBAL_ACCENT_COLOR_NAME = AccentColor;
				CODE_SIGN_STYLE = Automatic;
				CURRENT_PROJECT_VERSION = 1;
				DEVELOPMENT_TEAM = RMSZ82KT4D;
				GENERATE_INFOPLIST_FILE = YES;
				INFOPLIST_FILE = Notice/Info.plist;
				INFOPLIST_KEY_UIApplicationSupportsIndirectInputEvents = YES;
				INFOPLIST_KEY_UILaunchStoryboardName = LaunchScreen;
				INFOPLIST_KEY_UIMainStoryboardFile = Main;
				INFOPLIST_KEY_UISupportedInterfaceOrientations = UIInterfaceOrientationPortrait;
				INFOPLIST_KEY_UISupportedInterfaceOrientations_iPad = "UIInterfaceOrientationPortrait UIInterfaceOrientationPortraitUpsideDown UIInterfaceOrientationLandscapeLeft UIInterfaceOrientationLandscapeRight";
				INFOPLIST_KEY_UISupportedInterfaceOrientations_iPhone = "UIInterfaceOrientationPortrait UIInterfaceOrientationLandscapeLeft UIInterfaceOrientationLandscapeRight";
				LD_RUNPATH_SEARCH_PATHS = (
					"$(inherited)",
					"@executable_path/Frameworks",
				);
				MARKETING_VERSION = 1.0;
				PRODUCT_BUNDLE_IDENTIFIER = "com.IOS-Study.Notice";
				PRODUCT_NAME = "$(TARGET_NAME)";
				SWIFT_EMIT_LOC_STRINGS = YES;
				SWIFT_VERSION = 5.0;
				TARGETED_DEVICE_FAMILY = 1;
			};
			name = Debug;
		};
		35106D88287D9F250093E43E /* Release */ = {
			isa = XCBuildConfiguration;
			buildSettings = {
				ASSETCATALOG_COMPILER_APPICON_NAME = AppIcon;
				ASSETCATALOG_COMPILER_GLOBAL_ACCENT_COLOR_NAME = AccentColor;
				CODE_SIGN_STYLE = Automatic;
				CURRENT_PROJECT_VERSION = 1;
				DEVELOPMENT_TEAM = RMSZ82KT4D;
				GENERATE_INFOPLIST_FILE = YES;
				INFOPLIST_FILE = Notice/Info.plist;
				INFOPLIST_KEY_UIApplicationSupportsIndirectInputEvents = YES;
				INFOPLIST_KEY_UILaunchStoryboardName = LaunchScreen;
				INFOPLIST_KEY_UIMainStoryboardFile = Main;
				INFOPLIST_KEY_UISupportedInterfaceOrientations = UIInterfaceOrientationPortrait;
				INFOPLIST_KEY_UISupportedInterfaceOrientations_iPad = "UIInterfaceOrientationPortrait UIInterfaceOrientationPortraitUpsideDown UIInterfaceOrientationLandscapeLeft UIInterfaceOrientationLandscapeRight";
				INFOPLIST_KEY_UISupportedInterfaceOrientations_iPhone = "UIInterfaceOrientationPortrait UIInterfaceOrientationLandscapeLeft UIInterfaceOrientationLandscapeRight";
				LD_RUNPATH_SEARCH_PATHS = (
					"$(inherited)",
					"@executable_path/Frameworks",
				);
				MARKETING_VERSION = 1.0;
				PRODUCT_BUNDLE_IDENTIFIER = "com.IOS-Study.Notice";
				PRODUCT_NAME = "$(TARGET_NAME)";
				SWIFT_EMIT_LOC_STRINGS = YES;
				SWIFT_VERSION = 5.0;
				TARGETED_DEVICE_FAMILY = 1;
			};
			name = Release;
		};
/* End XCBuildConfiguration section */

/* Begin XCConfigurationList section */
		35106D6D287D9F240093E43E /* Build configuration list for PBXProject "Notice" */ = {
			isa = XCConfigurationList;
			buildConfigurations = (
				35106D84287D9F250093E43E /* Debug */,
				35106D85287D9F250093E43E /* Release */,
			);
			defaultConfigurationIsVisible = 0;
			defaultConfigurationName = Release;
		};
		35106D86287D9F250093E43E /* Build configuration list for PBXNativeTarget "Notice" */ = {
			isa = XCConfigurationList;
			buildConfigurations = (
				35106D87287D9F250093E43E /* Debug */,
				35106D88287D9F250093E43E /* Release */,
			);
			defaultConfigurationIsVisible = 0;
			defaultConfigurationName = Release;
		};
/* End XCConfigurationList section */

/* Begin XCRemoteSwiftPackageReference section */
		35106D8F287DA3870093E43E /* XCRemoteSwiftPackageReference "firebase-ios-sdk" */ = {
			isa = XCRemoteSwiftPackageReference;
			repositoryURL = "https://github.com/firebase/firebase-ios-sdk.git";
			requirement = {
				kind = upToNextMajorVersion;
				minimumVersion = 9.0.0;
			};
		};
/* End XCRemoteSwiftPackageReference section */

/* Begin XCSwiftPackageProductDependency section */
		35106D90287DA3870093E43E /* FirebaseAnalytics */ = {
			isa = XCSwiftPackageProductDependency;
			package = 35106D8F287DA3870093E43E /* XCRemoteSwiftPackageReference "firebase-ios-sdk" */;
			productName = FirebaseAnalytics;
		};
		35106D92287DA3870093E43E /* FirebaseRemoteConfig */ = {
			isa = XCSwiftPackageProductDependency;
			package = 35106D8F287DA3870093E43E /* XCRemoteSwiftPackageReference "firebase-ios-sdk" */;
			productName = FirebaseRemoteConfig;
		};
/* End XCSwiftPackageProductDependency section */
	};
	rootObject = 35106D6A287D9F240093E43E /* Project object */;
}
