// !$*UTF8*$!
{
	archiveVersion = 1;
	classes = {
	};
	objectVersion = 55;
	objects = {

/* Begin PBXBuildFile section */
		355368622875CE3000B100B4 /* money.json in Resources */ = {isa = PBXBuildFile; fileRef = 355368612875CE2F00B100B4 /* money.json */; };
		35AB5E7828771A700095CD1C /* FirebaseDatabase in Frameworks */ = {isa = PBXBuildFile; productRef = 35AB5E7728771A700095CD1C /* FirebaseDatabase */; };
		35AB5E7B287C567C0095CD1C /* FirebaseFirestore in Frameworks */ = {isa = PBXBuildFile; productRef = 35AB5E7A287C567C0095CD1C /* FirebaseFirestore */; };
		35AB5E7D287C567C0095CD1C /* FirebaseFirestoreSwift in Frameworks */ = {isa = PBXBuildFile; productRef = 35AB5E7C287C567C0095CD1C /* FirebaseFirestoreSwift */; };
		35AB5E7F287C57DC0095CD1C /* CreditCardDummy.swift in Sources */ = {isa = PBXBuildFile; fileRef = 35AB5E7E287C57DC0095CD1C /* CreditCardDummy.swift */; };
		35ABAF4B2875C5B300948C6F /* AppDelegate.swift in Sources */ = {isa = PBXBuildFile; fileRef = 35ABAF4A2875C5B300948C6F /* AppDelegate.swift */; };
		35ABAF4D2875C5B300948C6F /* SceneDelegate.swift in Sources */ = {isa = PBXBuildFile; fileRef = 35ABAF4C2875C5B300948C6F /* SceneDelegate.swift */; };
		35ABAF4F2875C5B300948C6F /* ViewController.swift in Sources */ = {isa = PBXBuildFile; fileRef = 35ABAF4E2875C5B300948C6F /* ViewController.swift */; };
		35ABAF522875C5B300948C6F /* Main.storyboard in Resources */ = {isa = PBXBuildFile; fileRef = 35ABAF502875C5B300948C6F /* Main.storyboard */; };
		35ABAF542875C5B500948C6F /* Assets.xcassets in Resources */ = {isa = PBXBuildFile; fileRef = 35ABAF532875C5B500948C6F /* Assets.xcassets */; };
		35ABAF572875C5B500948C6F /* LaunchScreen.storyboard in Resources */ = {isa = PBXBuildFile; fileRef = 35ABAF552875C5B500948C6F /* LaunchScreen.storyboard */; };
		35ABAF5F2875C5CA00948C6F /* CardListViewController.swift in Sources */ = {isa = PBXBuildFile; fileRef = 35ABAF5E2875C5CA00948C6F /* CardListViewController.swift */; };
		35ABAF612875C6B900948C6F /* CreditCard.swift in Sources */ = {isa = PBXBuildFile; fileRef = 35ABAF602875C6B900948C6F /* CreditCard.swift */; };
		35ABAF642875C76C00948C6F /* CardListCell.swift in Sources */ = {isa = PBXBuildFile; fileRef = 35ABAF622875C76C00948C6F /* CardListCell.swift */; };
		35ABAF652875C76C00948C6F /* CardListCell.xib in Resources */ = {isa = PBXBuildFile; fileRef = 35ABAF632875C76C00948C6F /* CardListCell.xib */; };
		35ABAF682875CB8F00948C6F /* Kingfisher in Frameworks */ = {isa = PBXBuildFile; productRef = 35ABAF672875CB8F00948C6F /* Kingfisher */; };
		35ABAF6A2875CC0E00948C6F /* CardDetailViewController.swift in Sources */ = {isa = PBXBuildFile; fileRef = 35ABAF692875CC0E00948C6F /* CardDetailViewController.swift */; };
		35ABAF6D2875CD8200948C6F /* Lottie in Frameworks */ = {isa = PBXBuildFile; productRef = 35ABAF6C2875CD8200948C6F /* Lottie */; };
		35FDA711287717FA004A98F9 /* GoogleService-Info.plist in Resources */ = {isa = PBXBuildFile; fileRef = 35FDA710287717FA004A98F9 /* GoogleService-Info.plist */; };
/* End PBXBuildFile section */

/* Begin PBXFileReference section */
		355368612875CE2F00B100B4 /* money.json */ = {isa = PBXFileReference; fileEncoding = 4; lastKnownFileType = text.json; path = money.json; sourceTree = "<group>"; };
		35AB5E7E287C57DC0095CD1C /* CreditCardDummy.swift */ = {isa = PBXFileReference; fileEncoding = 4; lastKnownFileType = sourcecode.swift; path = CreditCardDummy.swift; sourceTree = "<group>"; };
		35ABAF472875C5B300948C6F /* CreditCardList.app */ = {isa = PBXFileReference; explicitFileType = wrapper.application; includeInIndex = 0; path = CreditCardList.app; sourceTree = BUILT_PRODUCTS_DIR; };
		35ABAF4A2875C5B300948C6F /* AppDelegate.swift */ = {isa = PBXFileReference; lastKnownFileType = sourcecode.swift; path = AppDelegate.swift; sourceTree = "<group>"; };
		35ABAF4C2875C5B300948C6F /* SceneDelegate.swift */ = {isa = PBXFileReference; lastKnownFileType = sourcecode.swift; path = SceneDelegate.swift; sourceTree = "<group>"; };
		35ABAF4E2875C5B300948C6F /* ViewController.swift */ = {isa = PBXFileReference; lastKnownFileType = sourcecode.swift; path = ViewController.swift; sourceTree = "<group>"; };
		35ABAF512875C5B300948C6F /* Base */ = {isa = PBXFileReference; lastKnownFileType = file.storyboard; name = Base; path = Base.lproj/Main.storyboard; sourceTree = "<group>"; };
		35ABAF532875C5B500948C6F /* Assets.xcassets */ = {isa = PBXFileReference; lastKnownFileType = folder.assetcatalog; path = Assets.xcassets; sourceTree = "<group>"; };
		35ABAF562875C5B500948C6F /* Base */ = {isa = PBXFileReference; lastKnownFileType = file.storyboard; name = Base; path = Base.lproj/LaunchScreen.storyboard; sourceTree = "<group>"; };
		35ABAF582875C5B500948C6F /* Info.plist */ = {isa = PBXFileReference; lastKnownFileType = text.plist.xml; path = Info.plist; sourceTree = "<group>"; };
		35ABAF5E2875C5CA00948C6F /* CardListViewController.swift */ = {isa = PBXFileReference; lastKnownFileType = sourcecode.swift; path = CardListViewController.swift; sourceTree = "<group>"; };
		35ABAF602875C6B900948C6F /* CreditCard.swift */ = {isa = PBXFileReference; lastKnownFileType = sourcecode.swift; path = CreditCard.swift; sourceTree = "<group>"; };
		35ABAF622875C76C00948C6F /* CardListCell.swift */ = {isa = PBXFileReference; lastKnownFileType = sourcecode.swift; path = CardListCell.swift; sourceTree = "<group>"; };
		35ABAF632875C76C00948C6F /* CardListCell.xib */ = {isa = PBXFileReference; lastKnownFileType = file.xib; path = CardListCell.xib; sourceTree = "<group>"; };
		35ABAF692875CC0E00948C6F /* CardDetailViewController.swift */ = {isa = PBXFileReference; lastKnownFileType = sourcecode.swift; path = CardDetailViewController.swift; sourceTree = "<group>"; };
		35BE5ECA2877056100029297 /* CreditCardList.entitlements */ = {isa = PBXFileReference; lastKnownFileType = text.plist.entitlements; path = CreditCardList.entitlements; sourceTree = "<group>"; };
		35FDA710287717FA004A98F9 /* GoogleService-Info.plist */ = {isa = PBXFileReference; fileEncoding = 4; lastKnownFileType = text.plist.xml; path = "GoogleService-Info.plist"; sourceTree = "<group>"; };
/* End PBXFileReference section */

/* Begin PBXFrameworksBuildPhase section */
		35ABAF442875C5B300948C6F /* Frameworks */ = {
			isa = PBXFrameworksBuildPhase;
			buildActionMask = 2147483647;
			files = (
				35AB5E7D287C567C0095CD1C /* FirebaseFirestoreSwift in Frameworks */,
				35AB5E7828771A700095CD1C /* FirebaseDatabase in Frameworks */,
				35AB5E7B287C567C0095CD1C /* FirebaseFirestore in Frameworks */,
				35ABAF682875CB8F00948C6F /* Kingfisher in Frameworks */,
				35ABAF6D2875CD8200948C6F /* Lottie in Frameworks */,
			);
			runOnlyForDeploymentPostprocessing = 0;
		};
/* End PBXFrameworksBuildPhase section */

/* Begin PBXGroup section */
		35ABAF3E2875C5B300948C6F = {
			isa = PBXGroup;
			children = (
				35ABAF492875C5B300948C6F /* CreditCardList */,
				35ABAF482875C5B300948C6F /* Products */,
			);
			sourceTree = "<group>";
		};
		35ABAF482875C5B300948C6F /* Products */ = {
			isa = PBXGroup;
			children = (
				35ABAF472875C5B300948C6F /* CreditCardList.app */,
			);
			name = Products;
			sourceTree = "<group>";
		};
		35ABAF492875C5B300948C6F /* CreditCardList */ = {
			isa = PBXGroup;
			children = (
				35FDA710287717FA004A98F9 /* GoogleService-Info.plist */,
				35BE5ECA2877056100029297 /* CreditCardList.entitlements */,
				355368612875CE2F00B100B4 /* money.json */,
				35AB5E7E287C57DC0095CD1C /* CreditCardDummy.swift */,
				35ABAF5E2875C5CA00948C6F /* CardListViewController.swift */,
				35ABAF692875CC0E00948C6F /* CardDetailViewController.swift */,
				35ABAF4A2875C5B300948C6F /* AppDelegate.swift */,
				35ABAF4C2875C5B300948C6F /* SceneDelegate.swift */,
				35ABAF4E2875C5B300948C6F /* ViewController.swift */,
				35ABAF502875C5B300948C6F /* Main.storyboard */,
				35ABAF602875C6B900948C6F /* CreditCard.swift */,
				35ABAF622875C76C00948C6F /* CardListCell.swift */,
				35ABAF632875C76C00948C6F /* CardListCell.xib */,
				35ABAF532875C5B500948C6F /* Assets.xcassets */,
				35ABAF552875C5B500948C6F /* LaunchScreen.storyboard */,
				35ABAF582875C5B500948C6F /* Info.plist */,
			);
			path = CreditCardList;
			sourceTree = "<group>";
		};
/* End PBXGroup section */

/* Begin PBXNativeTarget section */
		35ABAF462875C5B300948C6F /* CreditCardList */ = {
			isa = PBXNativeTarget;
			buildConfigurationList = 35ABAF5B2875C5B500948C6F /* Build configuration list for PBXNativeTarget "CreditCardList" */;
			buildPhases = (
				35ABAF432875C5B300948C6F /* Sources */,
				35ABAF442875C5B300948C6F /* Frameworks */,
				35ABAF452875C5B300948C6F /* Resources */,
			);
			buildRules = (
			);
			dependencies = (
			);
			name = CreditCardList;
			packageProductDependencies = (
				35ABAF672875CB8F00948C6F /* Kingfisher */,
				35ABAF6C2875CD8200948C6F /* Lottie */,
				35AB5E7728771A700095CD1C /* FirebaseDatabase */,
				35AB5E7A287C567C0095CD1C /* FirebaseFirestore */,
				35AB5E7C287C567C0095CD1C /* FirebaseFirestoreSwift */,
			);
			productName = CreditCardList;
			productReference = 35ABAF472875C5B300948C6F /* CreditCardList.app */;
			productType = "com.apple.product-type.application";
		};
/* End PBXNativeTarget section */

/* Begin PBXProject section */
		35ABAF3F2875C5B300948C6F /* Project object */ = {
			isa = PBXProject;
			attributes = {
				BuildIndependentTargetsInParallel = 1;
				LastSwiftUpdateCheck = 1340;
				LastUpgradeCheck = 1340;
				TargetAttributes = {
					35ABAF462875C5B300948C6F = {
						CreatedOnToolsVersion = 13.4.1;
					};
				};
			};
			buildConfigurationList = 35ABAF422875C5B300948C6F /* Build configuration list for PBXProject "CreditCardList" */;
			compatibilityVersion = "Xcode 13.0";
			developmentRegion = en;
			hasScannedForEncodings = 0;
			knownRegions = (
				en,
				Base,
			);
			mainGroup = 35ABAF3E2875C5B300948C6F;
			packageReferences = (
				35ABAF662875CB8F00948C6F /* XCRemoteSwiftPackageReference "Kingfisher" */,
				35ABAF6B2875CD8200948C6F /* XCRemoteSwiftPackageReference "lottie-ios" */,
				35AB5E7628771A700095CD1C /* XCRemoteSwiftPackageReference "firebase-ios-sdk" */,
				35AB5E79287C567C0095CD1C /* XCRemoteSwiftPackageReference "firebase-ios-sdk" */,
			);
			productRefGroup = 35ABAF482875C5B300948C6F /* Products */;
			projectDirPath = "";
			projectRoot = "";
			targets = (
				35ABAF462875C5B300948C6F /* CreditCardList */,
			);
		};
/* End PBXProject section */

/* Begin PBXResourcesBuildPhase section */
		35ABAF452875C5B300948C6F /* Resources */ = {
			isa = PBXResourcesBuildPhase;
			buildActionMask = 2147483647;
			files = (
				35ABAF572875C5B500948C6F /* LaunchScreen.storyboard in Resources */,
				35FDA711287717FA004A98F9 /* GoogleService-Info.plist in Resources */,
				35ABAF542875C5B500948C6F /* Assets.xcassets in Resources */,
				355368622875CE3000B100B4 /* money.json in Resources */,
				35ABAF522875C5B300948C6F /* Main.storyboard in Resources */,
				35ABAF652875C76C00948C6F /* CardListCell.xib in Resources */,
			);
			runOnlyForDeploymentPostprocessing = 0;
		};
/* End PBXResourcesBuildPhase section */

/* Begin PBXSourcesBuildPhase section */
		35ABAF432875C5B300948C6F /* Sources */ = {
			isa = PBXSourcesBuildPhase;
			buildActionMask = 2147483647;
			files = (
				35ABAF5F2875C5CA00948C6F /* CardListViewController.swift in Sources */,
				35AB5E7F287C57DC0095CD1C /* CreditCardDummy.swift in Sources */,
				35ABAF612875C6B900948C6F /* CreditCard.swift in Sources */,
				35ABAF4F2875C5B300948C6F /* ViewController.swift in Sources */,
				35ABAF642875C76C00948C6F /* CardListCell.swift in Sources */,
				35ABAF4B2875C5B300948C6F /* AppDelegate.swift in Sources */,
				35ABAF4D2875C5B300948C6F /* SceneDelegate.swift in Sources */,
				35ABAF6A2875CC0E00948C6F /* CardDetailViewController.swift in Sources */,
			);
			runOnlyForDeploymentPostprocessing = 0;
		};
/* End PBXSourcesBuildPhase section */

/* Begin PBXVariantGroup section */
		35ABAF502875C5B300948C6F /* Main.storyboard */ = {
			isa = PBXVariantGroup;
			children = (
				35ABAF512875C5B300948C6F /* Base */,
			);
			name = Main.storyboard;
			sourceTree = "<group>";
		};
		35ABAF552875C5B500948C6F /* LaunchScreen.storyboard */ = {
			isa = PBXVariantGroup;
			children = (
				35ABAF562875C5B500948C6F /* Base */,
			);
			name = LaunchScreen.storyboard;
			sourceTree = "<group>";
		};
/* End PBXVariantGroup section */

/* Begin XCBuildConfiguration section */
		35ABAF592875C5B500948C6F /* Debug */ = {
			isa = XCBuildConfiguration;
			buildSettings = {
				ALWAYS_SEARCH_USER_PATHS = NO;
				CLANG_ANALYZER_NONNULL = YES;
				CLANG_ANALYZER_NUMBER_OBJECT_CONVERSION = YES_AGGRESSIVE;
				CLANG_CXX_LANGUAGE_STANDARD = "gnu++17";
				CLANG_ENABLE_MODULES = YES;
				CLANG_ENABLE_OBJC_ARC = YES;
				CLANG_ENABLE_OBJC_WEAK = YES;
				CLANG_WARN_BLOCK_CAPTURE_AUTORELEASING = YES;
				CLANG_WARN_BOOL_CONVERSION = YES;
				CLANG_WARN_COMMA = YES;
				CLANG_WARN_CONSTANT_CONVERSION = YES;
				CLANG_WARN_DEPRECATED_OBJC_IMPLEMENTATIONS = YES;
				CLANG_WARN_DIRECT_OBJC_ISA_USAGE = YES_ERROR;
				CLANG_WARN_DOCUMENTATION_COMMENTS = YES;
				CLANG_WARN_EMPTY_BODY = YES;
				CLANG_WARN_ENUM_CONVERSION = YES;
				CLANG_WARN_INFINITE_RECURSION = YES;
				CLANG_WARN_INT_CONVERSION = YES;
				CLANG_WARN_NON_LITERAL_NULL_CONVERSION = YES;
				CLANG_WARN_OBJC_IMPLICIT_RETAIN_SELF = YES;
				CLANG_WARN_OBJC_LITERAL_CONVERSION = YES;
				CLANG_WARN_OBJC_ROOT_CLASS = YES_ERROR;
				CLANG_WARN_QUOTED_INCLUDE_IN_FRAMEWORK_HEADER = YES;
				CLANG_WARN_RANGE_LOOP_ANALYSIS = YES;
				CLANG_WARN_STRICT_PROTOTYPES = YES;
				CLANG_WARN_SUSPICIOUS_MOVE = YES;
				CLANG_WARN_UNGUARDED_AVAILABILITY = YES_AGGRESSIVE;
				CLANG_WARN_UNREACHABLE_CODE = YES;
				CLANG_WARN__DUPLICATE_METHOD_MATCH = YES;
				COPY_PHASE_STRIP = NO;
				DEBUG_INFORMATION_FORMAT = dwarf;
				ENABLE_STRICT_OBJC_MSGSEND = YES;
				ENABLE_TESTABILITY = YES;
				GCC_C_LANGUAGE_STANDARD = gnu11;
				GCC_DYNAMIC_NO_PIC = NO;
				GCC_NO_COMMON_BLOCKS = YES;
				GCC_OPTIMIZATION_LEVEL = 0;
				GCC_PREPROCESSOR_DEFINITIONS = (
					"DEBUG=1",
					"$(inherited)",
				);
				GCC_WARN_64_TO_32_BIT_CONVERSION = YES;
				GCC_WARN_ABOUT_RETURN_TYPE = YES_ERROR;
				GCC_WARN_UNDECLARED_SELECTOR = YES;
				GCC_WARN_UNINITIALIZED_AUTOS = YES_AGGRESSIVE;
				GCC_WARN_UNUSED_FUNCTION = YES;
				GCC_WARN_UNUSED_VARIABLE = YES;
				IPHONEOS_DEPLOYMENT_TARGET = 15.5;
				MTL_ENABLE_DEBUG_INFO = INCLUDE_SOURCE;
				MTL_FAST_MATH = YES;
				ONLY_ACTIVE_ARCH = YES;
				SDKROOT = iphoneos;
				SWIFT_ACTIVE_COMPILATION_CONDITIONS = DEBUG;
				SWIFT_OPTIMIZATION_LEVEL = "-Onone";
			};
			name = Debug;
		};
		35ABAF5A2875C5B500948C6F /* Release */ = {
			isa = XCBuildConfiguration;
			buildSettings = {
				ALWAYS_SEARCH_USER_PATHS = NO;
				CLANG_ANALYZER_NONNULL = YES;
				CLANG_ANALYZER_NUMBER_OBJECT_CONVERSION = YES_AGGRESSIVE;
				CLANG_CXX_LANGUAGE_STANDARD = "gnu++17";
				CLANG_ENABLE_MODULES = YES;
				CLANG_ENABLE_OBJC_ARC = YES;
				CLANG_ENABLE_OBJC_WEAK = YES;
				CLANG_WARN_BLOCK_CAPTURE_AUTORELEASING = YES;
				CLANG_WARN_BOOL_CONVERSION = YES;
				CLANG_WARN_COMMA = YES;
				CLANG_WARN_CONSTANT_CONVERSION = YES;
				CLANG_WARN_DEPRECATED_OBJC_IMPLEMENTATIONS = YES;
				CLANG_WARN_DIRECT_OBJC_ISA_USAGE = YES_ERROR;
				CLANG_WARN_DOCUMENTATION_COMMENTS = YES;
				CLANG_WARN_EMPTY_BODY = YES;
				CLANG_WARN_ENUM_CONVERSION = YES;
				CLANG_WARN_INFINITE_RECURSION = YES;
				CLANG_WARN_INT_CONVERSION = YES;
				CLANG_WARN_NON_LITERAL_NULL_CONVERSION = YES;
				CLANG_WARN_OBJC_IMPLICIT_RETAIN_SELF = YES;
				CLANG_WARN_OBJC_LITERAL_CONVERSION = YES;
				CLANG_WARN_OBJC_ROOT_CLASS = YES_ERROR;
				CLANG_WARN_QUOTED_INCLUDE_IN_FRAMEWORK_HEADER = YES;
				CLANG_WARN_RANGE_LOOP_ANALYSIS = YES;
				CLANG_WARN_STRICT_PROTOTYPES = YES;
				CLANG_WARN_SUSPICIOUS_MOVE = YES;
				CLANG_WARN_UNGUARDED_AVAILABILITY = YES_AGGRESSIVE;
				CLANG_WARN_UNREACHABLE_CODE = YES;
				CLANG_WARN__DUPLICATE_METHOD_MATCH = YES;
				COPY_PHASE_STRIP = NO;
				DEBUG_INFORMATION_FORMAT = "dwarf-with-dsym";
				ENABLE_NS_ASSERTIONS = NO;
				ENABLE_STRICT_OBJC_MSGSEND = YES;
				GCC_C_LANGUAGE_STANDARD = gnu11;
				GCC_NO_COMMON_BLOCKS = YES;
				GCC_WARN_64_TO_32_BIT_CONVERSION = YES;
				GCC_WARN_ABOUT_RETURN_TYPE = YES_ERROR;
				GCC_WARN_UNDECLARED_SELECTOR = YES;
				GCC_WARN_UNINITIALIZED_AUTOS = YES_AGGRESSIVE;
				GCC_WARN_UNUSED_FUNCTION = YES;
				GCC_WARN_UNUSED_VARIABLE = YES;
				IPHONEOS_DEPLOYMENT_TARGET = 15.5;
				MTL_ENABLE_DEBUG_INFO = NO;
				MTL_FAST_MATH = YES;
				SDKROOT = iphoneos;
				SWIFT_COMPILATION_MODE = wholemodule;
				SWIFT_OPTIMIZATION_LEVEL = "-O";
				VALIDATE_PRODUCT = YES;
			};
			name = Release;
		};
		35ABAF5C2875C5B500948C6F /* Debug */ = {
			isa = XCBuildConfiguration;
			buildSettings = {
				ASSETCATALOG_COMPILER_APPICON_NAME = AppIcon;
				ASSETCATALOG_COMPILER_GLOBAL_ACCENT_COLOR_NAME = AccentColor;
				CODE_SIGN_ENTITLEMENTS = CreditCardList/CreditCardList.entitlements;
				CODE_SIGN_STYLE = Automatic;
				CURRENT_PROJECT_VERSION = 1;
				DEVELOPMENT_TEAM = RMSZ82KT4D;
				GENERATE_INFOPLIST_FILE = YES;
				INFOPLIST_FILE = CreditCardList/Info.plist;
				INFOPLIST_KEY_UIApplicationSupportsIndirectInputEvents = YES;
				INFOPLIST_KEY_UILaunchStoryboardName = LaunchScreen;
				INFOPLIST_KEY_UIMainStoryboardFile = Main;
				INFOPLIST_KEY_UISupportedInterfaceOrientations_iPad = "UIInterfaceOrientationPortrait UIInterfaceOrientationPortraitUpsideDown UIInterfaceOrientationLandscapeLeft UIInterfaceOrientationLandscapeRight";
				INFOPLIST_KEY_UISupportedInterfaceOrientations_iPhone = "UIInterfaceOrientationPortrait UIInterfaceOrientationLandscapeLeft UIInterfaceOrientationLandscapeRight";
				LD_RUNPATH_SEARCH_PATHS = (
					"$(inherited)",
					"@executable_path/Frameworks",
				);
				MARKETING_VERSION = 1.0;
				PRODUCT_BUNDLE_IDENTIFIER = "com.IOS-Study.CreditCardList";
				PRODUCT_NAME = "$(TARGET_NAME)";
				SWIFT_EMIT_LOC_STRINGS = YES;
				SWIFT_VERSION = 5.0;
				TARGETED_DEVICE_FAMILY = "1,2";
			};
			name = Debug;
		};
		35ABAF5D2875C5B500948C6F /* Release */ = {
			isa = XCBuildConfiguration;
			buildSettings = {
				ASSETCATALOG_COMPILER_APPICON_NAME = AppIcon;
				ASSETCATALOG_COMPILER_GLOBAL_ACCENT_COLOR_NAME = AccentColor;
				CODE_SIGN_ENTITLEMENTS = CreditCardList/CreditCardList.entitlements;
				CODE_SIGN_STYLE = Automatic;
				CURRENT_PROJECT_VERSION = 1;
				DEVELOPMENT_TEAM = RMSZ82KT4D;
				GENERATE_INFOPLIST_FILE = YES;
				INFOPLIST_FILE = CreditCardList/Info.plist;
				INFOPLIST_KEY_UIApplicationSupportsIndirectInputEvents = YES;
				INFOPLIST_KEY_UILaunchStoryboardName = LaunchScreen;
				INFOPLIST_KEY_UIMainStoryboardFile = Main;
				INFOPLIST_KEY_UISupportedInterfaceOrientations_iPad = "UIInterfaceOrientationPortrait UIInterfaceOrientationPortraitUpsideDown UIInterfaceOrientationLandscapeLeft UIInterfaceOrientationLandscapeRight";
				INFOPLIST_KEY_UISupportedInterfaceOrientations_iPhone = "UIInterfaceOrientationPortrait UIInterfaceOrientationLandscapeLeft UIInterfaceOrientationLandscapeRight";
				LD_RUNPATH_SEARCH_PATHS = (
					"$(inherited)",
					"@executable_path/Frameworks",
				);
				MARKETING_VERSION = 1.0;
				PRODUCT_BUNDLE_IDENTIFIER = "com.IOS-Study.CreditCardList";
				PRODUCT_NAME = "$(TARGET_NAME)";
				SWIFT_EMIT_LOC_STRINGS = YES;
				SWIFT_VERSION = 5.0;
				TARGETED_DEVICE_FAMILY = "1,2";
			};
			name = Release;
		};
/* End XCBuildConfiguration section */

/* Begin XCConfigurationList section */
		35ABAF422875C5B300948C6F /* Build configuration list for PBXProject "CreditCardList" */ = {
			isa = XCConfigurationList;
			buildConfigurations = (
				35ABAF592875C5B500948C6F /* Debug */,
				35ABAF5A2875C5B500948C6F /* Release */,
			);
			defaultConfigurationIsVisible = 0;
			defaultConfigurationName = Release;
		};
		35ABAF5B2875C5B500948C6F /* Build configuration list for PBXNativeTarget "CreditCardList" */ = {
			isa = XCConfigurationList;
			buildConfigurations = (
				35ABAF5C2875C5B500948C6F /* Debug */,
				35ABAF5D2875C5B500948C6F /* Release */,
			);
			defaultConfigurationIsVisible = 0;
			defaultConfigurationName = Release;
		};
/* End XCConfigurationList section */

/* Begin XCRemoteSwiftPackageReference section */
		35AB5E7628771A700095CD1C /* XCRemoteSwiftPackageReference "firebase-ios-sdk" */ = {
			isa = XCRemoteSwiftPackageReference;
			repositoryURL = "https://github.com/firebase/firebase-ios-sdk.git";
			requirement = {
				kind = upToNextMajorVersion;
				minimumVersion = 9.0.0;
			};
		};
		35AB5E79287C567C0095CD1C /* XCRemoteSwiftPackageReference "firebase-ios-sdk" */ = {
			isa = XCRemoteSwiftPackageReference;
			repositoryURL = "https://github.com/firebase/firebase-ios-sdk.git";
			requirement = {
				kind = upToNextMajorVersion;
				minimumVersion = 9.0.0;
			};
		};
		35ABAF662875CB8F00948C6F /* XCRemoteSwiftPackageReference "Kingfisher" */ = {
			isa = XCRemoteSwiftPackageReference;
			repositoryURL = "https://github.com/onevcat/Kingfisher.git";
			requirement = {
				kind = upToNextMajorVersion;
				minimumVersion = 7.0.0;
			};
		};
		35ABAF6B2875CD8200948C6F /* XCRemoteSwiftPackageReference "lottie-ios" */ = {
			isa = XCRemoteSwiftPackageReference;
			repositoryURL = "https://github.com/airbnb/lottie-ios";
			requirement = {
				kind = upToNextMajorVersion;
				minimumVersion = 3.0.0;
			};
		};
/* End XCRemoteSwiftPackageReference section */

/* Begin XCSwiftPackageProductDependency section */
		35AB5E7728771A700095CD1C /* FirebaseDatabase */ = {
			isa = XCSwiftPackageProductDependency;
			package = 35AB5E7628771A700095CD1C /* XCRemoteSwiftPackageReference "firebase-ios-sdk" */;
			productName = FirebaseDatabase;
		};
		35AB5E7A287C567C0095CD1C /* FirebaseFirestore */ = {
			isa = XCSwiftPackageProductDependency;
			package = 35AB5E7628771A700095CD1C /* XCRemoteSwiftPackageReference "firebase-ios-sdk" */;
			productName = FirebaseFirestore;
		};
		35AB5E7C287C567C0095CD1C /* FirebaseFirestoreSwift */ = {
			isa = XCSwiftPackageProductDependency;
			package = 35AB5E7628771A700095CD1C /* XCRemoteSwiftPackageReference "firebase-ios-sdk" */;
			productName = FirebaseFirestoreSwift;
		};
		35ABAF672875CB8F00948C6F /* Kingfisher */ = {
			isa = XCSwiftPackageProductDependency;
			package = 35ABAF662875CB8F00948C6F /* XCRemoteSwiftPackageReference "Kingfisher" */;
			productName = Kingfisher;
		};
		35ABAF6C2875CD8200948C6F /* Lottie */ = {
			isa = XCSwiftPackageProductDependency;
			package = 35ABAF6B2875CD8200948C6F /* XCRemoteSwiftPackageReference "lottie-ios" */;
			productName = Lottie;
		};
/* End XCSwiftPackageProductDependency section */
	};
	rootObject = 35ABAF3F2875C5B300948C6F /* Project object */;
}
